
Microsoft Visual Studio Solution File, Format Version 12.00
# Visual Studio Version 16
VisualStudioVersion = 16.0.31729.503
MinimumVisualStudioVersion = 10.0.40219.1
Project("{FAE04EC0-301F-11D3-BF4B-00C04F79EFBC}") = "Two_Dimension_Assignment", "Two_Dimension_Assignment\Two_Dimension_Assignment.csproj", "{A21EB3D5-17BD-42F2-B8BA-C8F079A1AA30}"
EndProject
Global
	GlobalSection(SolutionConfigurationPlatforms) = preSolution
		Debug|Any CPU = Debug|Any CPU
		Release|Any CPU = Release|Any CPU
	EndGlobalSection
	GlobalSection(ProjectConfigurationPlatforms) = postSolution
		{A21EB3D5-17BD-42F2-B8BA-C8F079A1AA30}.Debug|Any CPU.ActiveCfg = Debug|Any CPU
		{A21EB3D5-17BD-42F2-B8BA-C8F079A1AA30}.Debug|Any CPU.Build.0 = Debug|Any CPU
		{A21EB3D5-17BD-42F2-B8BA-C8F079A1AA30}.Release|Any CPU.ActiveCfg = Release|Any CPU
		{A21EB3D5-17BD-42F2-B8BA-C8F079A1AA30}.Release|Any CPU.Build.0 = Release|Any CPU
	EndGlobalSection
	GlobalSection(SolutionProperties) = preSolution
		HideSolutionNode = FALSE
	EndGlobalSection
	GlobalSection(ExtensibilityGlobals) = postSolution
		SolutionGuid = {37316017-84C2-454E-AF24-A2CCE5B819AE}
	EndGlobalSection
EndGlobal
